
Microsoft Visual Studio Solution File, Format Version 12.00
# Visual Studio 15
VisualStudioVersion = 15.0.28307.779
MinimumVisualStudioVersion = 10.0.40219.1
Project("{FAE04EC0-301F-11D3-BF4B-00C04F79EFBC}") = "GenericCachedRepository", "GenericCachedRepository\GenericCachedRepository.csproj", "{3B60DD12-2152-4BC0-BF93-F0F762E7EDBA}"
EndProject
Project("{FAE04EC0-301F-11D3-BF4B-00C04F79EFBC}") = "GenericCahceUnitTests", "GenericCahceUnitTests\GenericCahceUnitTests.csproj", "{B6FDB5C7-535A-43BB-BCF2-D999ECA3C337}"
EndProject
Global
	GlobalSection(SolutionConfigurationPlatforms) = preSolution
		Debug|Any CPU = Debug|Any CPU
		Release|Any CPU = Release|Any CPU
	EndGlobalSection
	GlobalSection(ProjectConfigurationPlatforms) = postSolution
		{3B60DD12-2152-4BC0-BF93-F0F762E7EDBA}.Debug|Any CPU.ActiveCfg = Debug|Any CPU
		{3B60DD12-2152-4BC0-BF93-F0F762E7EDBA}.Debug|Any CPU.Build.0 = Debug|Any CPU
		{3B60DD12-2152-4BC0-BF93-F0F762E7EDBA}.Release|Any CPU.ActiveCfg = Release|Any CPU
		{3B60DD12-2152-4BC0-BF93-F0F762E7EDBA}.Release|Any CPU.Build.0 = Release|Any CPU
		{B6FDB5C7-535A-43BB-BCF2-D999ECA3C337}.Debug|Any CPU.ActiveCfg = Debug|Any CPU
		{B6FDB5C7-535A-43BB-BCF2-D999ECA3C337}.Debug|Any CPU.Build.0 = Debug|Any CPU
		{B6FDB5C7-535A-43BB-BCF2-D999ECA3C337}.Release|Any CPU.ActiveCfg = Release|Any CPU
		{B6FDB5C7-535A-43BB-BCF2-D999ECA3C337}.Release|Any CPU.Build.0 = Release|Any CPU
	EndGlobalSection
	GlobalSection(SolutionProperties) = preSolution
		HideSolutionNode = FALSE
	EndGlobalSection
	GlobalSection(ExtensibilityGlobals) = postSolution
		SolutionGuid = {00973C40-8513-45A0-9A57-E661A49B48B3}
	EndGlobalSection
EndGlobal
